PODS:
  - TXRTMPSDK (2.0.4.3260)

DEPENDENCIES:
  - TXRTMPSDK (from `../TXRTMPSDK.podspec`)

EXTERNAL SOURCES:
  TXRTMPSDK:
    :podspec: "../TXRTMPSDK.podspec"

SPEC CHECKSUMS:
  TXRTMPSDK: 3c9015aacb0331180d696745d1d6e1b5010c9033

PODFILE CHECKSUM: cd19d88e5ec553abb1d410a647b85720b0de3f63

COCOAPODS: 1.2.1
